# generated by rye
# use `rye lock` or `rye sync` to update this lockfile
#
# last locked with the following flags:
#   pre: false
#   features: []
#   all-features: true
#   with-sources: false

-e file:.
annotated-types==0.6.0
    # via pydantic
bibtexparser==2.0.0b7
    # via micromanubot
certifi==2024.2.2
    # via requests
charset-normalizer==3.3.2
    # via requests
idna==3.7
    # via requests
iniconfig==2.0.0
    # via pytest
markdown-it-py==3.0.0
    # via rich
mdurl==0.1.2
    # via markdown-it-py
packaging==24.0
    # via pytest
pluggy==1.5.0
    # via pytest
pydantic==2.7.1
    # via micromanubot
pydantic-core==2.18.2
    # via pydantic
pygments==2.17.2
    # via rich
pylatexenc==2.10
    # via bibtexparser
    # via micromanubot
pymupdf==1.24.2
pymupdfb==1.24.1
    # via pymupdf
pyrate-limiter==3.6.0
    # via micromanubot
pytest==8.1.2
requests==2.31.0
    # via micromanubot
rich==13.7.1
    # via micromanubot
tomlkit==0.12.4
    # via micromanubot
typing-extensions==4.11.0
    # via pydantic
    # via pydantic-core
urllib3==2.2.1
    # via requests
validators==0.28.1
    # via micromanubot
